
Microsoft Visual Studio Solution File, Format Version 12.00
# Visual Studio Version 16
VisualStudioVersion = 16.0.31624.102
MinimumVisualStudioVersion = 10.0.40219.1
Project("{FAE04EC0-301F-11D3-BF4B-00C04F79EFBC}") = "AplicacionWEBFotoEmpresa", "AplicacionWEBFotoEmpresa\AplicacionWEBFotoEmpresa.csproj", "{75B34E52-81E3-4F1F-B923-6B7230248904}"
EndProject
Global
	GlobalSection(SolutionConfigurationPlatforms) = preSolution
		Debug|Any CPU = Debug|Any CPU
		Release|Any CPU = Release|Any CPU
	EndGlobalSection
	GlobalSection(ProjectConfigurationPlatforms) = postSolution
		{75B34E52-81E3-4F1F-B923-6B7230248904}.Debug|Any CPU.ActiveCfg = Debug|Any CPU
		{75B34E52-81E3-4F1F-B923-6B7230248904}.Debug|Any CPU.Build.0 = Debug|Any CPU
		{75B34E52-81E3-4F1F-B923-6B7230248904}.Release|Any CPU.ActiveCfg = Release|Any CPU
		{75B34E52-81E3-4F1F-B923-6B7230248904}.Release|Any CPU.Build.0 = Release|Any CPU
	EndGlobalSection
	GlobalSection(SolutionProperties) = preSolution
		HideSolutionNode = FALSE
	EndGlobalSection
	GlobalSection(ExtensibilityGlobals) = postSolution
		SolutionGuid = {ED27FC1E-74CF-4A0E-8156-3FBEAB6AF559}
	EndGlobalSection
EndGlobal
